// !$*UTF8*$!
{
	archiveVersion = 1;
	classes = {
	};
	objectVersion = 46;
	objects = {

/* Begin PBXBuildFile section */
		3D23B6A11CEA275400BC0011 /* MusicVideoTVC.swift in Sources */ = {isa = PBXBuildFile; fileRef = 3D23B6A01CEA275400BC0011 /* MusicVideoTVC.swift */; };
		3D23B6A31CEA4B9000BC0011 /* MusicVideTVCell.swift in Sources */ = {isa = PBXBuildFile; fileRef = 3D23B6A21CEA4B9000BC0011 /* MusicVideTVCell.swift */; };
		3D23B6A51CEB6D5800BC0011 /* MusicVideoDetailVC.swift in Sources */ = {isa = PBXBuildFile; fileRef = 3D23B6A41CEB6D5800BC0011 /* MusicVideoDetailVC.swift */; };
		3D23B6A71CEB9F7400BC0011 /* SettingsTVC.swift in Sources */ = {isa = PBXBuildFile; fileRef = 3D23B6A61CEB9F7400BC0011 /* SettingsTVC.swift */; };
		3DD0FE101CE5FD9B00CFB62E /* AppDelegate.swift in Sources */ = {isa = PBXBuildFile; fileRef = 3DD0FE0F1CE5FD9B00CFB62E /* AppDelegate.swift */; };
		3DD0FE121CE5FD9B00CFB62E /* ViewController.swift in Sources */ = {isa = PBXBuildFile; fileRef = 3DD0FE111CE5FD9B00CFB62E /* ViewController.swift */; };
		3DD0FE151CE5FD9B00CFB62E /* Main.storyboard in Resources */ = {isa = PBXBuildFile; fileRef = 3DD0FE131CE5FD9B00CFB62E /* Main.storyboard */; };
		3DD0FE171CE5FD9B00CFB62E /* Assets.xcassets in Resources */ = {isa = PBXBuildFile; fileRef = 3DD0FE161CE5FD9B00CFB62E /* Assets.xcassets */; };
		3DD0FE1A1CE5FD9B00CFB62E /* LaunchScreen.storyboard in Resources */ = {isa = PBXBuildFile; fileRef = 3DD0FE181CE5FD9B00CFB62E /* LaunchScreen.storyboard */; };
		3DD0FE251CE5FD9B00CFB62E /* MusicVideoTests.swift in Sources */ = {isa = PBXBuildFile; fileRef = 3DD0FE241CE5FD9B00CFB62E /* MusicVideoTests.swift */; };
		3DD0FE301CE5FD9B00CFB62E /* MusicVideoUITests.swift in Sources */ = {isa = PBXBuildFile; fileRef = 3DD0FE2F1CE5FD9B00CFB62E /* MusicVideoUITests.swift */; };
		3DD0FE441CE6038C00CFB62E /* APIManager.swift in Sources */ = {isa = PBXBuildFile; fileRef = 3DD0FE431CE6038C00CFB62E /* APIManager.swift */; };
		3DD0FE471CE61F6400CFB62E /* Constants.swift in Sources */ = {isa = PBXBuildFile; fileRef = 3DD0FE461CE61F6400CFB62E /* Constants.swift */; };
		3DD0FE491CE620C200CFB62E /* MusicVideo.swift in Sources */ = {isa = PBXBuildFile; fileRef = 3DD0FE481CE620C200CFB62E /* MusicVideo.swift */; };
		3DD0FE4E1CE7800B00CFB62E /* Reachability.m in Sources */ = {isa = PBXBuildFile; fileRef = 3DD0FE4D1CE7800B00CFB62E /* Reachability.m */; };
/* End PBXBuildFile section */

/* Begin PBXContainerItemProxy section */
		3DD0FE211CE5FD9B00CFB62E /* PBXContainerItemProxy */ = {
			isa = PBXContainerItemProxy;
			containerPortal = 3DD0FE041CE5FD9B00CFB62E /* Project object */;
			proxyType = 1;
			remoteGlobalIDString = 3DD0FE0B1CE5FD9B00CFB62E;
			remoteInfo = MusicVideo;
		};
		3DD0FE2C1CE5FD9B00CFB62E /* PBXContainerItemProxy */ = {
			isa = PBXContainerItemProxy;
			containerPortal = 3DD0FE041CE5FD9B00CFB62E /* Project object */;
			proxyType = 1;
			remoteGlobalIDString = 3DD0FE0B1CE5FD9B00CFB62E;
			remoteInfo = MusicVideo;
		};
/* End PBXContainerItemProxy section */

/* Begin PBXFileReference section */
		3D23B6A01CEA275400BC0011 /* MusicVideoTVC.swift */ = {isa = PBXFileReference; fileEncoding = 4; lastKnownFileType = sourcecode.swift; path = MusicVideoTVC.swift; sourceTree = "<group>"; };
		3D23B6A21CEA4B9000BC0011 /* MusicVideTVCell.swift */ = {isa = PBXFileReference; fileEncoding = 4; lastKnownFileType = sourcecode.swift; path = MusicVideTVCell.swift; sourceTree = "<group>"; };
		3D23B6A41CEB6D5800BC0011 /* MusicVideoDetailVC.swift */ = {isa = PBXFileReference; fileEncoding = 4; lastKnownFileType = sourcecode.swift; path = MusicVideoDetailVC.swift; sourceTree = "<group>"; };
		3D23B6A61CEB9F7400BC0011 /* SettingsTVC.swift */ = {isa = PBXFileReference; fileEncoding = 4; lastKnownFileType = sourcecode.swift; path = SettingsTVC.swift; sourceTree = "<group>"; };
		3DD0FE0C1CE5FD9B00CFB62E /* MusicVideo.app */ = {isa = PBXFileReference; explicitFileType = wrapper.application; includeInIndex = 0; path = MusicVideo.app; sourceTree = BUILT_PRODUCTS_DIR; };
		3DD0FE0F1CE5FD9B00CFB62E /* AppDelegate.swift */ = {isa = PBXFileReference; lastKnownFileType = sourcecode.swift; path = AppDelegate.swift; sourceTree = "<group>"; };
		3DD0FE111CE5FD9B00CFB62E /* ViewController.swift */ = {isa = PBXFileReference; lastKnownFileType = sourcecode.swift; path = ViewController.swift; sourceTree = "<group>"; };
		3DD0FE141CE5FD9B00CFB62E /* Base */ = {isa = PBXFileReference; lastKnownFileType = file.storyboard; name = Base; path = Base.lproj/Main.storyboard; sourceTree = "<group>"; };
		3DD0FE161CE5FD9B00CFB62E /* Assets.xcassets */ = {isa = PBXFileReference; lastKnownFileType = folder.assetcatalog; path = Assets.xcassets; sourceTree = "<group>"; };
		3DD0FE191CE5FD9B00CFB62E /* Base */ = {isa = PBXFileReference; lastKnownFileType = file.storyboard; name = Base; path = Base.lproj/LaunchScreen.storyboard; sourceTree = "<group>"; };
		3DD0FE1B1CE5FD9B00CFB62E /* Info.plist */ = {isa = PBXFileReference; lastKnownFileType = text.plist.xml; path = Info.plist; sourceTree = "<group>"; };
		3DD0FE201CE5FD9B00CFB62E /* MusicVideoTests.xctest */ = {isa = PBXFileReference; explicitFileType = wrapper.cfbundle; includeInIndex = 0; path = MusicVideoTests.xctest; sourceTree = BUILT_PRODUCTS_DIR; };
		3DD0FE241CE5FD9B00CFB62E /* MusicVideoTests.swift */ = {isa = PBXFileReference; lastKnownFileType = sourcecode.swift; path = MusicVideoTests.swift; sourceTree = "<group>"; };
		3DD0FE261CE5FD9B00CFB62E /* Info.plist */ = {isa = PBXFileReference; lastKnownFileType = text.plist.xml; path = Info.plist; sourceTree = "<group>"; };
		3DD0FE2B1CE5FD9B00CFB62E /* MusicVideoUITests.xctest */ = {isa = PBXFileReference; explicitFileType = wrapper.cfbundle; includeInIndex = 0; path = MusicVideoUITests.xctest; sourceTree = BUILT_PRODUCTS_DIR; };
		3DD0FE2F1CE5FD9B00CFB62E /* MusicVideoUITests.swift */ = {isa = PBXFileReference; lastKnownFileType = sourcecode.swift; path = MusicVideoUITests.swift; sourceTree = "<group>"; };
		3DD0FE311CE5FD9B00CFB62E /* Info.plist */ = {isa = PBXFileReference; lastKnownFileType = text.plist.xml; path = Info.plist; sourceTree = "<group>"; };
		3DD0FE431CE6038C00CFB62E /* APIManager.swift */ = {isa = PBXFileReference; fileEncoding = 4; lastKnownFileType = sourcecode.swift; path = APIManager.swift; sourceTree = "<group>"; };
		3DD0FE461CE61F6400CFB62E /* Constants.swift */ = {isa = PBXFileReference; fileEncoding = 4; lastKnownFileType = sourcecode.swift; path = Constants.swift; sourceTree = "<group>"; };
		3DD0FE481CE620C200CFB62E /* MusicVideo.swift */ = {isa = PBXFileReference; fileEncoding = 4; lastKnownFileType = sourcecode.swift; path = MusicVideo.swift; sourceTree = "<group>"; };
		3DD0FE4B1CE7800A00CFB62E /* MusicVideo-Bridging-Header.h */ = {isa = PBXFileReference; lastKnownFileType = sourcecode.c.h; path = "MusicVideo-Bridging-Header.h"; sourceTree = "<group>"; };
		3DD0FE4C1CE7800B00CFB62E /* Reachability.h */ = {isa = PBXFileReference; fileEncoding = 4; lastKnownFileType = sourcecode.c.h; path = Reachability.h; sourceTree = "<group>"; };
		3DD0FE4D1CE7800B00CFB62E /* Reachability.m */ = {isa = PBXFileReference; fileEncoding = 4; lastKnownFileType = sourcecode.c.objc; path = Reachability.m; sourceTree = "<group>"; };
/* End PBXFileReference section */

/* Begin PBXFrameworksBuildPhase section */
		3DD0FE091CE5FD9B00CFB62E /* Frameworks */ = {
			isa = PBXFrameworksBuildPhase;
			buildActionMask = 2147483647;
			files = (
			);
			runOnlyForDeploymentPostprocessing = 0;
		};
		3DD0FE1D1CE5FD9B00CFB62E /* Frameworks */ = {
			isa = PBXFrameworksBuildPhase;
			buildActionMask = 2147483647;
			files = (
			);
			runOnlyForDeploymentPostprocessing = 0;
		};
		3DD0FE281CE5FD9B00CFB62E /* Frameworks */ = {
			isa = PBXFrameworksBuildPhase;
			buildActionMask = 2147483647;
			files = (
			);
			runOnlyForDeploymentPostprocessing = 0;
		};
/* End PBXFrameworksBuildPhase section */

/* Begin PBXGroup section */
		3DD0FE031CE5FD9B00CFB62E = {
			isa = PBXGroup;
			children = (
				3DD0FE0E1CE5FD9B00CFB62E /* MusicVideo */,
				3DD0FE231CE5FD9B00CFB62E /* MusicVideoTests */,
				3DD0FE2E1CE5FD9B00CFB62E /* MusicVideoUITests */,
				3DD0FE0D1CE5FD9B00CFB62E /* Products */,
			);
			sourceTree = "<group>";
		};
		3DD0FE0D1CE5FD9B00CFB62E /* Products */ = {
			isa = PBXGroup;
			children = (
				3DD0FE0C1CE5FD9B00CFB62E /* MusicVideo.app */,
				3DD0FE201CE5FD9B00CFB62E /* MusicVideoTests.xctest */,
				3DD0FE2B1CE5FD9B00CFB62E /* MusicVideoUITests.xctest */,
			);
			name = Products;
			sourceTree = "<group>";
		};
		3DD0FE0E1CE5FD9B00CFB62E /* MusicVideo */ = {
			isa = PBXGroup;
			children = (
				3DD0FE4A1CE77F8500CFB62E /* Obj-c */,
				3DD0FE451CE61F4C00CFB62E /* Utils */,
				3DD0FE421CE5FEC400CFB62E /* Supporting Files */,
				3DD0FE3F1CE5FE8700CFB62E /* Model */,
				3DD0FE401CE5FE9700CFB62E /* Controller */,
				3DD0FE411CE5FEAC00CFB62E /* View */,
			);
			path = MusicVideo;
			sourceTree = "<group>";
		};
		3DD0FE231CE5FD9B00CFB62E /* MusicVideoTests */ = {
			isa = PBXGroup;
			children = (
				3DD0FE241CE5FD9B00CFB62E /* MusicVideoTests.swift */,
				3DD0FE261CE5FD9B00CFB62E /* Info.plist */,
			);
			path = MusicVideoTests;
			sourceTree = "<group>";
		};
		3DD0FE2E1CE5FD9B00CFB62E /* MusicVideoUITests */ = {
			isa = PBXGroup;
			children = (
				3DD0FE2F1CE5FD9B00CFB62E /* MusicVideoUITests.swift */,
				3DD0FE311CE5FD9B00CFB62E /* Info.plist */,
			);
			path = MusicVideoUITests;
			sourceTree = "<group>";
		};
		3DD0FE3F1CE5FE8700CFB62E /* Model */ = {
			isa = PBXGroup;
			children = (
				3DD0FE431CE6038C00CFB62E /* APIManager.swift */,
				3DD0FE481CE620C200CFB62E /* MusicVideo.swift */,
			);
			name = Model;
			sourceTree = "<group>";
		};
		3DD0FE401CE5FE9700CFB62E /* Controller */ = {
			isa = PBXGroup;
			children = (
				3DD0FE111CE5FD9B00CFB62E /* ViewController.swift */,
				3D23B6A01CEA275400BC0011 /* MusicVideoTVC.swift */,
				3D23B6A21CEA4B9000BC0011 /* MusicVideTVCell.swift */,
				3D23B6A41CEB6D5800BC0011 /* MusicVideoDetailVC.swift */,
				3D23B6A61CEB9F7400BC0011 /* SettingsTVC.swift */,
			);
			name = Controller;
			sourceTree = "<group>";
		};
		3DD0FE411CE5FEAC00CFB62E /* View */ = {
			isa = PBXGroup;
			children = (
				3DD0FE131CE5FD9B00CFB62E /* Main.storyboard */,
				3DD0FE181CE5FD9B00CFB62E /* LaunchScreen.storyboard */,
			);
			name = View;
			sourceTree = "<group>";
		};
		3DD0FE421CE5FEC400CFB62E /* Supporting Files */ = {
			isa = PBXGroup;
			children = (
				3DD0FE1B1CE5FD9B00CFB62E /* Info.plist */,
				3DD0FE161CE5FD9B00CFB62E /* Assets.xcassets */,
				3DD0FE0F1CE5FD9B00CFB62E /* AppDelegate.swift */,
			);
			name = "Supporting Files";
			sourceTree = "<group>";
		};
		3DD0FE451CE61F4C00CFB62E /* Utils */ = {
			isa = PBXGroup;
			children = (
				3DD0FE461CE61F6400CFB62E /* Constants.swift */,
			);
			name = Utils;
			sourceTree = "<group>";
		};
		3DD0FE4A1CE77F8500CFB62E /* Obj-c */ = {
			isa = PBXGroup;
			children = (
				3DD0FE4C1CE7800B00CFB62E /* Reachability.h */,
				3DD0FE4D1CE7800B00CFB62E /* Reachability.m */,
				3DD0FE4B1CE7800A00CFB62E /* MusicVideo-Bridging-Header.h */,
			);
			name = "Obj-c";
			sourceTree = "<group>";
		};
/* End PBXGroup section */

/* Begin PBXNativeTarget section */
		3DD0FE0B1CE5FD9B00CFB62E /* MusicVideo */ = {
			isa = PBXNativeTarget;
			buildConfigurationList = 3DD0FE341CE5FD9B00CFB62E /* Build configuration list for PBXNativeTarget "MusicVideo" */;
			buildPhases = (
				3DD0FE081CE5FD9B00CFB62E /* Sources */,
				3DD0FE091CE5FD9B00CFB62E /* Frameworks */,
				3DD0FE0A1CE5FD9B00CFB62E /* Resources */,
			);
			buildRules = (
			);
			dependencies = (
			);
			name = MusicVideo;
			productName = MusicVideo;
			productReference = 3DD0FE0C1CE5FD9B00CFB62E /* MusicVideo.app */;
			productType = "com.apple.product-type.application";
		};
		3DD0FE1F1CE5FD9B00CFB62E /* MusicVideoTests */ = {
			isa = PBXNativeTarget;
			buildConfigurationList = 3DD0FE371CE5FD9B00CFB62E /* Build configuration list for PBXNativeTarget "MusicVideoTests" */;
			buildPhases = (
				3DD0FE1C1CE5FD9B00CFB62E /* Sources */,
				3DD0FE1D1CE5FD9B00CFB62E /* Frameworks */,
				3DD0FE1E1CE5FD9B00CFB62E /* Resources */,
			);
			buildRules = (
			);
			dependencies = (
				3DD0FE221CE5FD9B00CFB62E /* PBXTargetDependency */,
			);
			name = MusicVideoTests;
			productName = MusicVideoTests;
			productReference = 3DD0FE201CE5FD9B00CFB62E /* MusicVideoTests.xctest */;
			productType = "com.apple.product-type.bundle.unit-test";
		};
		3DD0FE2A1CE5FD9B00CFB62E /* MusicVideoUITests */ = {
			isa = PBXNativeTarget;
			buildConfigurationList = 3DD0FE3A1CE5FD9B00CFB62E /* Build configuration list for PBXNativeTarget "MusicVideoUITests" */;
			buildPhases = (
				3DD0FE271CE5FD9B00CFB62E /* Sources */,
				3DD0FE281CE5FD9B00CFB62E /* Frameworks */,
				3DD0FE291CE5FD9B00CFB62E /* Resources */,
			);
			buildRules = (
			);
			dependencies = (
				3DD0FE2D1CE5FD9B00CFB62E /* PBXTargetDependency */,
			);
			name = MusicVideoUITests;
			productName = MusicVideoUITests;
			productReference = 3DD0FE2B1CE5FD9B00CFB62E /* MusicVideoUITests.xctest */;
			productType = "com.apple.product-type.bundle.ui-testing";
		};
/* End PBXNativeTarget section */

/* Begin PBXProject section */
		3DD0FE041CE5FD9B00CFB62E /* Project object */ = {
			isa = PBXProject;
			attributes = {
				LastSwiftUpdateCheck = 0730;
				LastUpgradeCheck = 0730;
				ORGANIZATIONNAME = "Vahid Sayad";
				TargetAttributes = {
					3DD0FE0B1CE5FD9B00CFB62E = {
						CreatedOnToolsVersion = 7.3.1;
						DevelopmentTeam = 3MUYJVU39C;
						SystemCapabilities = {
							com.apple.Maps.iOS = {
								enabled = 0;
							};
						};
					};
					3DD0FE1F1CE5FD9B00CFB62E = {
						CreatedOnToolsVersion = 7.3.1;
						DevelopmentTeam = 3MUYJVU39C;
						TestTargetID = 3DD0FE0B1CE5FD9B00CFB62E;
					};
					3DD0FE2A1CE5FD9B00CFB62E = {
						CreatedOnToolsVersion = 7.3.1;
						DevelopmentTeam = 3MUYJVU39C;
						TestTargetID = 3DD0FE0B1CE5FD9B00CFB62E;
					};
				};
			};
			buildConfigurationList = 3DD0FE071CE5FD9B00CFB62E /* Build configuration list for PBXProject "MusicVideo" */;
			compatibilityVersion = "Xcode 3.2";
			developmentRegion = English;
			hasScannedForEncodings = 0;
			knownRegions = (
				en,
				Base,
			);
			mainGroup = 3DD0FE031CE5FD9B00CFB62E;
			productRefGroup = 3DD0FE0D1CE5FD9B00CFB62E /* Products */;
			projectDirPath = "";
			projectRoot = "";
			targets = (
				3DD0FE0B1CE5FD9B00CFB62E /* MusicVideo */,
				3DD0FE1F1CE5FD9B00CFB62E /* MusicVideoTests */,
				3DD0FE2A1CE5FD9B00CFB62E /* MusicVideoUITests */,
			);
		};
/* End PBXProject section */

/* Begin PBXResourcesBuildPhase section */
		3DD0FE0A1CE5FD9B00CFB62E /* Resources */ = {
			isa = PBXResourcesBuildPhase;
			buildActionMask = 2147483647;
			files = (
				3DD0FE1A1CE5FD9B00CFB62E /* LaunchScreen.storyboard in Resources */,
				3DD0FE171CE5FD9B00CFB62E /* Assets.xcassets in Resources */,
				3DD0FE151CE5FD9B00CFB62E /* Main.storyboard in Resources */,
			);
			runOnlyForDeploymentPostprocessing = 0;
		};
		3DD0FE1E1CE5FD9B00CFB62E /* Resources */ = {
			isa = PBXResourcesBuildPhase;
			buildActionMask = 2147483647;
			files = (
			);
			runOnlyForDeploymentPostprocessing = 0;
		};
		3DD0FE291CE5FD9B00CFB62E /* Resources */ = {
			isa = PBXResourcesBuildPhase;
			buildActionMask = 2147483647;
			files = (
			);
			runOnlyForDeploymentPostprocessing = 0;
		};
/* End PBXResourcesBuildPhase section */

/* Begin PBXSourcesBuildPhase section */
		3DD0FE081CE5FD9B00CFB62E /* Sources */ = {
			isa = PBXSourcesBuildPhase;
			buildActionMask = 2147483647;
			files = (
				3DD0FE441CE6038C00CFB62E /* APIManager.swift in Sources */,
				3D23B6A51CEB6D5800BC0011 /* MusicVideoDetailVC.swift in Sources */,
				3DD0FE121CE5FD9B00CFB62E /* ViewController.swift in Sources */,
				3DD0FE491CE620C200CFB62E /* MusicVideo.swift in Sources */,
				3D23B6A31CEA4B9000BC0011 /* MusicVideTVCell.swift in Sources */,
				3DD0FE101CE5FD9B00CFB62E /* AppDelegate.swift in Sources */,
				3DD0FE4E1CE7800B00CFB62E /* Reachability.m in Sources */,
				3DD0FE471CE61F6400CFB62E /* Constants.swift in Sources */,
				3D23B6A71CEB9F7400BC0011 /* SettingsTVC.swift in Sources */,
				3D23B6A11CEA275400BC0011 /* MusicVideoTVC.swift in Sources */,
			);
			runOnlyForDeploymentPostprocessing = 0;
		};
		3DD0FE1C1CE5FD9B00CFB62E /* Sources */ = {
			isa = PBXSourcesBuildPhase;
			buildActionMask = 2147483647;
			files = (
				3DD0FE251CE5FD9B00CFB62E /* MusicVideoTests.swift in Sources */,
			);
			runOnlyForDeploymentPostprocessing = 0;
		};
		3DD0FE271CE5FD9B00CFB62E /* Sources */ = {
			isa = PBXSourcesBuildPhase;
			buildActionMask = 2147483647;
			files = (
				3DD0FE301CE5FD9B00CFB62E /* MusicVideoUITests.swift in Sources */,
			);
			runOnlyForDeploymentPostprocessing = 0;
		};
/* End PBXSourcesBuildPhase section */

/* Begin PBXTargetDependency section */
		3DD0FE221CE5FD9B00CFB62E /* PBXTargetDependency */ = {
			isa = PBXTargetDependency;
			target = 3DD0FE0B1CE5FD9B00CFB62E /* MusicVideo */;
			targetProxy = 3DD0FE211CE5FD9B00CFB62E /* PBXContainerItemProxy */;
		};
		3DD0FE2D1CE5FD9B00CFB62E /* PBXTargetDependency */ = {
			isa = PBXTargetDependency;
			target = 3DD0FE0B1CE5FD9B00CFB62E /* MusicVideo */;
			targetProxy = 3DD0FE2C1CE5FD9B00CFB62E /* PBXContainerItemProxy */;
		};
/* End PBXTargetDependency section */

/* Begin PBXVariantGroup section */
		3DD0FE131CE5FD9B00CFB62E /* Main.storyboard */ = {
			isa = PBXVariantGroup;
			children = (
				3DD0FE141CE5FD9B00CFB62E /* Base */,
			);
			name = Main.storyboard;
			sourceTree = "<group>";
		};
		3DD0FE181CE5FD9B00CFB62E /* LaunchScreen.storyboard */ = {
			isa = PBXVariantGroup;
			children = (
				3DD0FE191CE5FD9B00CFB62E /* Base */,
			);
			name = LaunchScreen.storyboard;
			sourceTree = "<group>";
		};
/* End PBXVariantGroup section */

/* Begin XCBuildConfiguration section */
		3DD0FE321CE5FD9B00CFB62E /* Debug */ = {
			isa = XCBuildConfiguration;
			buildSettings = {
				ALWAYS_SEARCH_USER_PATHS = NO;
				CLANG_ANALYZER_NONNULL = YES;
				CLANG_CXX_LANGUAGE_STANDARD = "gnu++0x";
				CLANG_CXX_LIBRARY = "libc++";
				CLANG_ENABLE_MODULES = YES;
				CLANG_ENABLE_OBJC_ARC = YES;
				CLANG_WARN_BOOL_CONVERSION = YES;
				CLANG_WARN_CONSTANT_CONVERSION = YES;
				CLANG_WARN_DIRECT_OBJC_ISA_USAGE = YES_ERROR;
				CLANG_WARN_EMPTY_BODY = YES;
				CLANG_WARN_ENUM_CONVERSION = YES;
				CLANG_WARN_INT_CONVERSION = YES;
				CLANG_WARN_OBJC_ROOT_CLASS = YES_ERROR;
				CLANG_WARN_UNREACHABLE_CODE = YES;
				CLANG_WARN__DUPLICATE_METHOD_MATCH = YES;
				"CODE_SIGN_IDENTITY[sdk=iphoneos*]" = "iPhone Developer";
				COPY_PHASE_STRIP = NO;
				DEBUG_INFORMATION_FORMAT = dwarf;
				ENABLE_STRICT_OBJC_MSGSEND = YES;
				ENABLE_TESTABILITY = YES;
				GCC_C_LANGUAGE_STANDARD = gnu99;
				GCC_DYNAMIC_NO_PIC = NO;
				GCC_NO_COMMON_BLOCKS = YES;
				GCC_OPTIMIZATION_LEVEL = 0;
				GCC_PREPROCESSOR_DEFINITIONS = (
					"DEBUG=1",
					"$(inherited)",
				);
				GCC_WARN_64_TO_32_BIT_CONVERSION = YES;
				GCC_WARN_ABOUT_RETURN_TYPE = YES_ERROR;
				GCC_WARN_UNDECLARED_SELECTOR = YES;
				GCC_WARN_UNINITIALIZED_AUTOS = YES_AGGRESSIVE;
				GCC_WARN_UNUSED_FUNCTION = YES;
				GCC_WARN_UNUSED_VARIABLE = YES;
				IPHONEOS_DEPLOYMENT_TARGET = 9.3;
				MTL_ENABLE_DEBUG_INFO = YES;
				ONLY_ACTIVE_ARCH = YES;
				SDKROOT = iphoneos;
				SWIFT_OPTIMIZATION_LEVEL = "-Onone";
				TARGETED_DEVICE_FAMILY = "1,2";
			};
			name = Debug;
		};
		3DD0FE331CE5FD9B00CFB62E /* Release */ = {
			isa = XCBuildConfiguration;
			buildSettings = {
				ALWAYS_SEARCH_USER_PATHS = NO;
				CLANG_ANALYZER_NONNULL = YES;
				CLANG_CXX_LANGUAGE_STANDARD = "gnu++0x";
				CLANG_CXX_LIBRARY = "libc++";
				CLANG_ENABLE_MODULES = YES;
				CLANG_ENABLE_OBJC_ARC = YES;
				CLANG_WARN_BOOL_CONVERSION = YES;
				CLANG_WARN_CONSTANT_CONVERSION = YES;
				CLANG_WARN_DIRECT_OBJC_ISA_USAGE = YES_ERROR;
				CLANG_WARN_EMPTY_BODY = YES;
				CLANG_WARN_ENUM_CONVERSION = YES;
				CLANG_WARN_INT_CONVERSION = YES;
				CLANG_WARN_OBJC_ROOT_CLASS = YES_ERROR;
				CLANG_WARN_UNREACHABLE_CODE = YES;
				CLANG_WARN__DUPLICATE_METHOD_MATCH = YES;
				"CODE_SIGN_IDENTITY[sdk=iphoneos*]" = "iPhone Developer";
				COPY_PHASE_STRIP = NO;
				DEBUG_INFORMATION_FORMAT = "dwarf-with-dsym";
				ENABLE_NS_ASSERTIONS = NO;
				ENABLE_STRICT_OBJC_MSGSEND = YES;
				GCC_C_LANGUAGE_STANDARD = gnu99;
				GCC_NO_COMMON_BLOCKS = YES;
				GCC_WARN_64_TO_32_BIT_CONVERSION = YES;
				GCC_WARN_ABOUT_RETURN_TYPE = YES_ERROR;
				GCC_WARN_UNDECLARED_SELECTOR = YES;
				GCC_WARN_UNINITIALIZED_AUTOS = YES_AGGRESSIVE;
				GCC_WARN_UNUSED_FUNCTION = YES;
				GCC_WARN_UNUSED_VARIABLE = YES;
				IPHONEOS_DEPLOYMENT_TARGET = 9.3;
				MTL_ENABLE_DEBUG_INFO = NO;
				SDKROOT = iphoneos;
				TARGETED_DEVICE_FAMILY = "1,2";
				VALIDATE_PRODUCT = YES;
			};
			name = Release;
		};
		3DD0FE351CE5FD9B00CFB62E /* Debug */ = {
			isa = XCBuildConfiguration;
			buildSettings = {
				ASSETCATALOG_COMPILER_APPICON_NAME = AppIcon;
				CLANG_ENABLE_MODULES = YES;
				INFOPLIST_FILE = MusicVideo/Info.plist;
				LD_RUNPATH_SEARCH_PATHS = "$(inherited) @executable_path/Frameworks";
				PRODUCT_BUNDLE_IDENTIFIER = ir.VahidSayad.MusicVideo;
				PRODUCT_NAME = "$(TARGET_NAME)";
				SWIFT_OBJC_BRIDGING_HEADER = "MusicVideo/MusicVideo-Bridging-Header.h";
				SWIFT_OPTIMIZATION_LEVEL = "-Onone";
			};
			name = Debug;
		};
		3DD0FE361CE5FD9B00CFB62E /* Release */ = {
			isa = XCBuildConfiguration;
			buildSettings = {
				ASSETCATALOG_COMPILER_APPICON_NAME = AppIcon;
				CLANG_ENABLE_MODULES = YES;
				INFOPLIST_FILE = MusicVideo/Info.plist;
				LD_RUNPATH_SEARCH_PATHS = "$(inherited) @executable_path/Frameworks";
				PRODUCT_BUNDLE_IDENTIFIER = ir.VahidSayad.MusicVideo;
				PRODUCT_NAME = "$(TARGET_NAME)";
				SWIFT_OBJC_BRIDGING_HEADER = "MusicVideo/MusicVideo-Bridging-Header.h";
			};
			name = Release;
		};
		3DD0FE381CE5FD9B00CFB62E /* Debug */ = {
			isa = XCBuildConfiguration;
			buildSettings = {
				BUNDLE_LOADER = "$(TEST_HOST)";
				INFOPLIST_FILE = MusicVideoTests/Info.plist;
				LD_RUNPATH_SEARCH_PATHS = "$(inherited) @executable_path/Frameworks @loader_path/Frameworks";
				PRODUCT_BUNDLE_IDENTIFIER = ir.VahidSayad.MusicVideoTests;
				PRODUCT_NAME = "$(TARGET_NAME)";
				TEST_HOST = "$(BUILT_PRODUCTS_DIR)/MusicVideo.app/MusicVideo";
			};
			name = Debug;
		};
		3DD0FE391CE5FD9B00CFB62E /* Release */ = {
			isa = XCBuildConfiguration;
			buildSettings = {
				BUNDLE_LOADER = "$(TEST_HOST)";
				INFOPLIST_FILE = MusicVideoTests/Info.plist;
				LD_RUNPATH_SEARCH_PATHS = "$(inherited) @executable_path/Frameworks @loader_path/Frameworks";
				PRODUCT_BUNDLE_IDENTIFIER = ir.VahidSayad.MusicVideoTests;
				PRODUCT_NAME = "$(TARGET_NAME)";
				TEST_HOST = "$(BUILT_PRODUCTS_DIR)/MusicVideo.app/MusicVideo";
			};
			name = Release;
		};
		3DD0FE3B1CE5FD9B00CFB62E /* Debug */ = {
			isa = XCBuildConfiguration;
			buildSettings = {
				INFOPLIST_FILE = MusicVideoUITests/Info.plist;
				LD_RUNPATH_SEARCH_PATHS = "$(inherited) @executable_path/Frameworks @loader_path/Frameworks";
				PRODUCT_BUNDLE_IDENTIFIER = ir.VahidSayad.MusicVideoUITests;
				PRODUCT_NAME = "$(TARGET_NAME)";
				TEST_TARGET_NAME = MusicVideo;
			};
			name = Debug;
		};
		3DD0FE3C1CE5FD9B00CFB62E /* Release */ = {
			isa = XCBuildConfiguration;
			buildSettings = {
				INFOPLIST_FILE = MusicVideoUITests/Info.plist;
				LD_RUNPATH_SEARCH_PATHS = "$(inherited) @executable_path/Frameworks @loader_path/Frameworks";
				PRODUCT_BUNDLE_IDENTIFIER = ir.VahidSayad.MusicVideoUITests;
				PRODUCT_NAME = "$(TARGET_NAME)";
				TEST_TARGET_NAME = MusicVideo;
			};
			name = Release;
		};
/* End XCBuildConfiguration section */

/* Begin XCConfigurationList section */
		3DD0FE071CE5FD9B00CFB62E /* Build configuration list for PBXProject "MusicVideo" */ = {
			isa = XCConfigurationList;
			buildConfigurations = (
				3DD0FE321CE5FD9B00CFB62E /* Debug */,
				3DD0FE331CE5FD9B00CFB62E /* Release */,
			);
			defaultConfigurationIsVisible = 0;
			defaultConfigurationName = Release;
		};
		3DD0FE341CE5FD9B00CFB62E /* Build configuration list for PBXNativeTarget "MusicVideo" */ = {
			isa = XCConfigurationList;
			buildConfigurations = (
				3DD0FE351CE5FD9B00CFB62E /* Debug */,
				3DD0FE361CE5FD9B00CFB62E /* Release */,
			);
			defaultConfigurationIsVisible = 0;
			defaultConfigurationName = Release;
		};
		3DD0FE371CE5FD9B00CFB62E /* Build configuration list for PBXNativeTarget "MusicVideoTests" */ = {
			isa = XCConfigurationList;
			buildConfigurations = (
				3DD0FE381CE5FD9B00CFB62E /* Debug */,
				3DD0FE391CE5FD9B00CFB62E /* Release */,
			);
			defaultConfigurationIsVisible = 0;
			defaultConfigurationName = Release;
		};
		3DD0FE3A1CE5FD9B00CFB62E /* Build configuration list for PBXNativeTarget "MusicVideoUITests" */ = {
			isa = XCConfigurationList;
			buildConfigurations = (
				3DD0FE3B1CE5FD9B00CFB62E /* Debug */,
				3DD0FE3C1CE5FD9B00CFB62E /* Release */,
			);
			defaultConfigurationIsVisible = 0;
			defaultConfigurationName = Release;
		};
/* End XCConfigurationList section */
	};
	rootObject = 3DD0FE041CE5FD9B00CFB62E /* Project object */;
}
